
Microsoft Visual Studio Solution File, Format Version 12.00
# Visual Studio Version 16
VisualStudioVersion = 16.0.31005.135
MinimumVisualStudioVersion = 10.0.40219.1
Project("{FAE04EC0-301F-11D3-BF4B-00C04F79EFBC}") = "SnakeGame", "SnakeGame\SnakeGame.csproj", "{C0170990-39B5-41C5-BB02-5D0EC589EEBE}"
EndProject
Global
	GlobalSection(SolutionConfigurationPlatforms) = preSolution
		Debug|Any CPU = Debug|Any CPU
		Release|Any CPU = Release|Any CPU
	EndGlobalSection
	GlobalSection(ProjectConfigurationPlatforms) = postSolution
		{C0170990-39B5-41C5-BB02-5D0EC589EEBE}.Debug|Any CPU.ActiveCfg = Debug|Any CPU
		{C0170990-39B5-41C5-BB02-5D0EC589EEBE}.Debug|Any CPU.Build.0 = Debug|Any CPU
		{C0170990-39B5-41C5-BB02-5D0EC589EEBE}.Release|Any CPU.ActiveCfg = Release|Any CPU
		{C0170990-39B5-41C5-BB02-5D0EC589EEBE}.Release|Any CPU.Build.0 = Release|Any CPU
	EndGlobalSection
	GlobalSection(SolutionProperties) = preSolution
		HideSolutionNode = FALSE
	EndGlobalSection
	GlobalSection(ExtensibilityGlobals) = postSolution
		SolutionGuid = {3C64A285-2A15-4233-A51C-D69F3BECAD48}
	EndGlobalSection
EndGlobal
